
Microsoft Visual Studio Solution File, Format Version 12.00
# Visual Studio Version 16
VisualStudioVersion = 16.0.31424.327
MinimumVisualStudioVersion = 10.0.40219.1
Project("{FAE04EC0-301F-11D3-BF4B-00C04F79EFBC}") = "Diplom", "Diplom\Diplom.csproj", "{6AB2DD58-4285-4E63-A1D4-32ABE04ECE5B}"
EndProject
Global
	GlobalSection(SolutionConfigurationPlatforms) = preSolution
		Debug|Any CPU = Debug|Any CPU
		Release|Any CPU = Release|Any CPU
	EndGlobalSection
	GlobalSection(ProjectConfigurationPlatforms) = postSolution
		{6AB2DD58-4285-4E63-A1D4-32ABE04ECE5B}.Debug|Any CPU.ActiveCfg = Debug|Any CPU
		{6AB2DD58-4285-4E63-A1D4-32ABE04ECE5B}.Debug|Any CPU.Build.0 = Debug|Any CPU
		{6AB2DD58-4285-4E63-A1D4-32ABE04ECE5B}.Release|Any CPU.ActiveCfg = Release|Any CPU
		{6AB2DD58-4285-4E63-A1D4-32ABE04ECE5B}.Release|Any CPU.Build.0 = Release|Any CPU
	EndGlobalSection
	GlobalSection(SolutionProperties) = preSolution
		HideSolutionNode = FALSE
	EndGlobalSection
	GlobalSection(ExtensibilityGlobals) = postSolution
		SolutionGuid = {1CCC090F-A9C0-4788-A4A1-E05507F41B1C}
	EndGlobalSection
EndGlobal
